
Microsoft Visual Studio Solution File, Format Version 12.00
# Visual Studio Version 16
VisualStudioVersion = 16.0.31313.79
MinimumVisualStudioVersion = 10.0.40219.1
Project("{FAE04EC0-301F-11D3-BF4B-00C04F79EFBC}") = "WeatherService.Api", "WeatherService.Api\WeatherService.Api.csproj", "{B500E975-47D2-472A-AB4C-15314B698FD3}"
EndProject
Global
	GlobalSection(SolutionConfigurationPlatforms) = preSolution
		Debug|Any CPU = Debug|Any CPU
		Release|Any CPU = Release|Any CPU
	EndGlobalSection
	GlobalSection(ProjectConfigurationPlatforms) = postSolution
		{B500E975-47D2-472A-AB4C-15314B698FD3}.Debug|Any CPU.ActiveCfg = Debug|Any CPU
		{B500E975-47D2-472A-AB4C-15314B698FD3}.Debug|Any CPU.Build.0 = Debug|Any CPU
		{B500E975-47D2-472A-AB4C-15314B698FD3}.Release|Any CPU.ActiveCfg = Release|Any CPU
		{B500E975-47D2-472A-AB4C-15314B698FD3}.Release|Any CPU.Build.0 = Release|Any CPU
	EndGlobalSection
	GlobalSection(SolutionProperties) = preSolution
		HideSolutionNode = FALSE
	EndGlobalSection
	GlobalSection(ExtensibilityGlobals) = postSolution
		SolutionGuid = {3323B31C-B3DF-42B7-B179-4004AF38BDEE}
	EndGlobalSection
EndGlobal
